// !$*UTF8*$!
{
	archiveVersion = 1;
	classes = {
	};
	objectVersion = 56;
	objects = {

/* Begin PBXBuildFile section */
		BB897C6C2AAA69EC00002661 /* AppDelegate.swift in Sources */ = {isa = PBXBuildFile; fileRef = BB897C6B2AAA69EC00002661 /* AppDelegate.swift */; };
		BB897C6E2AAA69EC00002661 /* SceneDelegate.swift in Sources */ = {isa = PBXBuildFile; fileRef = BB897C6D2AAA69EC00002661 /* SceneDelegate.swift */; };
		BB897C702AAA69EC00002661 /* TaskViewController.swift in Sources */ = {isa = PBXBuildFile; fileRef = BB897C6F2AAA69EC00002661 /* TaskViewController.swift */; };
		BB897C752AAA69EF00002661 /* Assets.xcassets in Resources */ = {isa = PBXBuildFile; fileRef = BB897C742AAA69EF00002661 /* Assets.xcassets */; };
		BB897C782AAA69EF00002661 /* LaunchScreen.storyboard in Resources */ = {isa = PBXBuildFile; fileRef = BB897C762AAA69EF00002661 /* LaunchScreen.storyboard */; };
		BB897C822AAA6DCE00002661 /* TaskView.swift in Sources */ = {isa = PBXBuildFile; fileRef = BB897C812AAA6DCE00002661 /* TaskView.swift */; };
		BB8FB14A2AAB85C1007F7DC6 /* CustomWebViewController.swift in Sources */ = {isa = PBXBuildFile; fileRef = BB8FB1492AAB85C1007F7DC6 /* CustomWebViewController.swift */; };
/* End PBXBuildFile section */

/* Begin PBXFileReference section */
		BB897C682AAA69EC00002661 /* HNG Task 1.app */ = {isa = PBXFileReference; explicitFileType = wrapper.application; includeInIndex = 0; path = "HNG Task 1.app"; sourceTree = BUILT_PRODUCTS_DIR; };
		BB897C6B2AAA69EC00002661 /* AppDelegate.swift */ = {isa = PBXFileReference; lastKnownFileType = sourcecode.swift; path = AppDelegate.swift; sourceTree = "<group>"; };
		BB897C6D2AAA69EC00002661 /* SceneDelegate.swift */ = {isa = PBXFileReference; lastKnownFileType = sourcecode.swift; path = SceneDelegate.swift; sourceTree = "<group>"; };
		BB897C6F2AAA69EC00002661 /* TaskViewController.swift */ = {isa = PBXFileReference; lastKnownFileType = sourcecode.swift; path = TaskViewController.swift; sourceTree = "<group>"; };
		BB897C742AAA69EF00002661 /* Assets.xcassets */ = {isa = PBXFileReference; lastKnownFileType = folder.assetcatalog; path = Assets.xcassets; sourceTree = "<group>"; };
		BB897C772AAA69EF00002661 /* Base */ = {isa = PBXFileReference; lastKnownFileType = file.storyboard; name = Base; path = Base.lproj/LaunchScreen.storyboard; sourceTree = "<group>"; };
		BB897C792AAA69EF00002661 /* Info.plist */ = {isa = PBXFileReference; lastKnownFileType = text.plist.xml; path = Info.plist; sourceTree = "<group>"; };
		BB897C812AAA6DCE00002661 /* TaskView.swift */ = {isa = PBXFileReference; lastKnownFileType = sourcecode.swift; path = TaskView.swift; sourceTree = "<group>"; };
		BB8FB1492AAB85C1007F7DC6 /* CustomWebViewController.swift */ = {isa = PBXFileReference; lastKnownFileType = sourcecode.swift; path = CustomWebViewController.swift; sourceTree = "<group>"; };
/* End PBXFileReference section */

/* Begin PBXFrameworksBuildPhase section */
		BB897C652AAA69EC00002661 /* Frameworks */ = {
			isa = PBXFrameworksBuildPhase;
			buildActionMask = 2147483647;
			files = (
			);
			runOnlyForDeploymentPostprocessing = 0;
		};
/* End PBXFrameworksBuildPhase section */

/* Begin PBXGroup section */
		BB897C5F2AAA69EC00002661 = {
			isa = PBXGroup;
			children = (
				BB897C6A2AAA69EC00002661 /* HNG Task 1 */,
				BB897C692AAA69EC00002661 /* Products */,
			);
			sourceTree = "<group>";
		};
		BB897C692AAA69EC00002661 /* Products */ = {
			isa = PBXGroup;
			children = (
				BB897C682AAA69EC00002661 /* HNG Task 1.app */,
			);
			name = Products;
			sourceTree = "<group>";
		};
		BB897C6A2AAA69EC00002661 /* HNG Task 1 */ = {
			isa = PBXGroup;
			children = (
				BB897C802AAA6B7D00002661 /* View & Controller */,
				BB897C7F2AAA6B5A00002661 /* Supporting */,
				BB897C792AAA69EF00002661 /* Info.plist */,
			);
			path = "HNG Task 1";
			sourceTree = "<group>";
		};
		BB897C7F2AAA6B5A00002661 /* Supporting */ = {
			isa = PBXGroup;
			children = (
				BB897C6B2AAA69EC00002661 /* AppDelegate.swift */,
				BB897C6D2AAA69EC00002661 /* SceneDelegate.swift */,
				BB897C742AAA69EF00002661 /* Assets.xcassets */,
				BB897C762AAA69EF00002661 /* LaunchScreen.storyboard */,
			);
			name = Supporting;
			sourceTree = "<group>";
		};
		BB897C802AAA6B7D00002661 /* View & Controller */ = {
			isa = PBXGroup;
			children = (
				BB897C6F2AAA69EC00002661 /* TaskViewController.swift */,
				BB897C812AAA6DCE00002661 /* TaskView.swift */,
				BB8FB1492AAB85C1007F7DC6 /* CustomWebViewController.swift */,
			);
			name = "View & Controller";
			sourceTree = "<group>";
		};
/* End PBXGroup section */

/* Begin PBXNativeTarget section */
		BB897C672AAA69EC00002661 /* HNG Task 1 */ = {
			isa = PBXNativeTarget;
			buildConfigurationList = BB897C7C2AAA69EF00002661 /* Build configuration list for PBXNativeTarget "HNG Task 1" */;
			buildPhases = (
				BB897C642AAA69EC00002661 /* Sources */,
				BB897C652AAA69EC00002661 /* Frameworks */,
				BB897C662AAA69EC00002661 /* Resources */,
			);
			buildRules = (
			);
			dependencies = (
			);
			name = "HNG Task 1";
			productName = "HNG Task 1";
			productReference = BB897C682AAA69EC00002661 /* HNG Task 1.app */;
			productType = "com.apple.product-type.application";
		};
/* End PBXNativeTarget section */

/* Begin PBXProject section */
		BB897C602AAA69EC00002661 /* Project object */ = {
			isa = PBXProject;
			attributes = {
				BuildIndependentTargetsInParallel = 1;
				LastSwiftUpdateCheck = 1430;
				LastUpgradeCheck = 1430;
				TargetAttributes = {
					BB897C672AAA69EC00002661 = {
						CreatedOnToolsVersion = 14.3.1;
					};
				};
			};
			buildConfigurationList = BB897C632AAA69EC00002661 /* Build configuration list for PBXProject "HNG Task 1" */;
			compatibilityVersion = "Xcode 14.0";
			developmentRegion = en;
			hasScannedForEncodings = 0;
			knownRegions = (
				en,
				Base,
			);
			mainGroup = BB897C5F2AAA69EC00002661;
			productRefGroup = BB897C692AAA69EC00002661 /* Products */;
			projectDirPath = "";
			projectRoot = "";
			targets = (
				BB897C672AAA69EC00002661 /* HNG Task 1 */,
			);
		};
/* End PBXProject section */

/* Begin PBXResourcesBuildPhase section */
		BB897C662AAA69EC00002661 /* Resources */ = {
			isa = PBXResourcesBuildPhase;
			buildActionMask = 2147483647;
			files = (
				BB897C782AAA69EF00002661 /* LaunchScreen.storyboard in Resources */,
				BB897C752AAA69EF00002661 /* Assets.xcassets in Resources */,
			);
			runOnlyForDeploymentPostprocessing = 0;
		};
/* End PBXResourcesBuildPhase section */

/* Begin PBXSourcesBuildPhase section */
		BB897C642AAA69EC00002661 /* Sources */ = {
			isa = PBXSourcesBuildPhase;
			buildActionMask = 2147483647;
			files = (
				BB897C702AAA69EC00002661 /* TaskViewController.swift in Sources */,
				BB897C6C2AAA69EC00002661 /* AppDelegate.swift in Sources */,
				BB8FB14A2AAB85C1007F7DC6 /* CustomWebViewController.swift in Sources */,
				BB897C6E2AAA69EC00002661 /* SceneDelegate.swift in Sources */,
				BB897C822AAA6DCE00002661 /* TaskView.swift in Sources */,
			);
			runOnlyForDeploymentPostprocessing = 0;
		};
/* End PBXSourcesBuildPhase section */

/* Begin PBXVariantGroup section */
		BB897C762AAA69EF00002661 /* LaunchScreen.storyboard */ = {
			isa = PBXVariantGroup;
			children = (
				BB897C772AAA69EF00002661 /* Base */,
			);
			name = LaunchScreen.storyboard;
			sourceTree = "<group>";
		};
/* End PBXVariantGroup section */

/* Begin XCBuildConfiguration section */
		BB897C7A2AAA69EF00002661 /* Debug */ = {
			isa = XCBuildConfiguration;
			buildSettings = {
				ALWAYS_SEARCH_USER_PATHS = NO;
				CLANG_ANALYZER_NONNULL = YES;
				CLANG_ANALYZER_NUMBER_OBJECT_CONVERSION = YES_AGGRESSIVE;
				CLANG_CXX_LANGUAGE_STANDARD = "gnu++20";
				CLANG_ENABLE_MODULES = YES;
				CLANG_ENABLE_OBJC_ARC = YES;
				CLANG_ENABLE_OBJC_WEAK = YES;
				CLANG_WARN_BLOCK_CAPTURE_AUTORELEASING = YES;
				CLANG_WARN_BOOL_CONVERSION = YES;
				CLANG_WARN_COMMA = YES;
				CLANG_WARN_CONSTANT_CONVERSION = YES;
				CLANG_WARN_DEPRECATED_OBJC_IMPLEMENTATIONS = YES;
				CLANG_WARN_DIRECT_OBJC_ISA_USAGE = YES_ERROR;
				CLANG_WARN_DOCUMENTATION_COMMENTS = YES;
				CLANG_WARN_EMPTY_BODY = YES;
				CLANG_WARN_ENUM_CONVERSION = YES;
				CLANG_WARN_INFINITE_RECURSION = YES;
				CLANG_WARN_INT_CONVERSION = YES;
				CLANG_WARN_NON_LITERAL_NULL_CONVERSION = YES;
				CLANG_WARN_OBJC_IMPLICIT_RETAIN_SELF = YES;
				CLANG_WARN_OBJC_LITERAL_CONVERSION = YES;
				CLANG_WARN_OBJC_ROOT_CLASS = YES_ERROR;
				CLANG_WARN_QUOTED_INCLUDE_IN_FRAMEWORK_HEADER = YES;
				CLANG_WARN_RANGE_LOOP_ANALYSIS = YES;
				CLANG_WARN_STRICT_PROTOTYPES = YES;
				CLANG_WARN_SUSPICIOUS_MOVE = YES;
				CLANG_WARN_UNGUARDED_AVAILABILITY = YES_AGGRESSIVE;
				CLANG_WARN_UNREACHABLE_CODE = YES;
				CLANG_WARN__DUPLICATE_METHOD_MATCH = YES;
				COPY_PHASE_STRIP = NO;
				DEBUG_INFORMATION_FORMAT = dwarf;
				ENABLE_STRICT_OBJC_MSGSEND = YES;
				ENABLE_TESTABILITY = YES;
				GCC_C_LANGUAGE_STANDARD = gnu11;
				GCC_DYNAMIC_NO_PIC = NO;
				GCC_NO_COMMON_BLOCKS = YES;
				GCC_OPTIMIZATION_LEVEL = 0;
				GCC_PREPROCESSOR_DEFINITIONS = (
					"DEBUG=1",
					"$(inherited)",
				);
				GCC_WARN_64_TO_32_BIT_CONVERSION = YES;
				GCC_WARN_ABOUT_RETURN_TYPE = YES_ERROR;
				GCC_WARN_UNDECLARED_SELECTOR = YES;
				GCC_WARN_UNINITIALIZED_AUTOS = YES_AGGRESSIVE;
				GCC_WARN_UNUSED_FUNCTION = YES;
				GCC_WARN_UNUSED_VARIABLE = YES;
				IPHONEOS_DEPLOYMENT_TARGET = 16.4;
				MTL_ENABLE_DEBUG_INFO = INCLUDE_SOURCE;
				MTL_FAST_MATH = YES;
				ONLY_ACTIVE_ARCH = YES;
				SDKROOT = iphoneos;
				SWIFT_ACTIVE_COMPILATION_CONDITIONS = DEBUG;
				SWIFT_OPTIMIZATION_LEVEL = "-Onone";
			};
			name = Debug;
		};
		BB897C7B2AAA69EF00002661 /* Release */ = {
			isa = XCBuildConfiguration;
			buildSettings = {
				ALWAYS_SEARCH_USER_PATHS = NO;
				CLANG_ANALYZER_NONNULL = YES;
				CLANG_ANALYZER_NUMBER_OBJECT_CONVERSION = YES_AGGRESSIVE;
				CLANG_CXX_LANGUAGE_STANDARD = "gnu++20";
				CLANG_ENABLE_MODULES = YES;
				CLANG_ENABLE_OBJC_ARC = YES;
				CLANG_ENABLE_OBJC_WEAK = YES;
				CLANG_WARN_BLOCK_CAPTURE_AUTORELEASING = YES;
				CLANG_WARN_BOOL_CONVERSION = YES;
				CLANG_WARN_COMMA = YES;
				CLANG_WARN_CONSTANT_CONVERSION = YES;
				CLANG_WARN_DEPRECATED_OBJC_IMPLEMENTATIONS = YES;
				CLANG_WARN_DIRECT_OBJC_ISA_USAGE = YES_ERROR;
				CLANG_WARN_DOCUMENTATION_COMMENTS = YES;
				CLANG_WARN_EMPTY_BODY = YES;
				CLANG_WARN_ENUM_CONVERSION = YES;
				CLANG_WARN_INFINITE_RECURSION = YES;
				CLANG_WARN_INT_CONVERSION = YES;
				CLANG_WARN_NON_LITERAL_NULL_CONVERSION = YES;
				CLANG_WARN_OBJC_IMPLICIT_RETAIN_SELF = YES;
				CLANG_WARN_OBJC_LITERAL_CONVERSION = YES;
				CLANG_WARN_OBJC_ROOT_CLASS = YES_ERROR;
				CLANG_WARN_QUOTED_INCLUDE_IN_FRAMEWORK_HEADER = YES;
				CLANG_WARN_RANGE_LOOP_ANALYSIS = YES;
				CLANG_WARN_STRICT_PROTOTYPES = YES;
				CLANG_WARN_SUSPICIOUS_MOVE = YES;
				CLANG_WARN_UNGUARDED_AVAILABILITY = YES_AGGRESSIVE;
				CLANG_WARN_UNREACHABLE_CODE = YES;
				CLANG_WARN__DUPLICATE_METHOD_MATCH = YES;
				COPY_PHASE_STRIP = NO;
				DEBUG_INFORMATION_FORMAT = "dwarf-with-dsym";
				ENABLE_NS_ASSERTIONS = NO;
				ENABLE_STRICT_OBJC_MSGSEND = YES;
				GCC_C_LANGUAGE_STANDARD = gnu11;
				GCC_NO_COMMON_BLOCKS = YES;
				GCC_WARN_64_TO_32_BIT_CONVERSION = YES;
				GCC_WARN_ABOUT_RETURN_TYPE = YES_ERROR;
				GCC_WARN_UNDECLARED_SELECTOR = YES;
				GCC_WARN_UNINITIALIZED_AUTOS = YES_AGGRESSIVE;
				GCC_WARN_UNUSED_FUNCTION = YES;
				GCC_WARN_UNUSED_VARIABLE = YES;
				IPHONEOS_DEPLOYMENT_TARGET = 16.4;
				MTL_ENABLE_DEBUG_INFO = NO;
				MTL_FAST_MATH = YES;
				SDKROOT = iphoneos;
				SWIFT_COMPILATION_MODE = wholemodule;
				SWIFT_OPTIMIZATION_LEVEL = "-O";
				VALIDATE_PRODUCT = YES;
			};
			name = Release;
		};
		BB897C7D2AAA69EF00002661 /* Debug */ = {
			isa = XCBuildConfiguration;
			buildSettings = {
				ASSETCATALOG_COMPILER_APPICON_NAME = AppIcon;
				ASSETCATALOG_COMPILER_GLOBAL_ACCENT_COLOR_NAME = AccentColor;
				CODE_SIGN_STYLE = Automatic;
				CURRENT_PROJECT_VERSION = 1;
				GENERATE_INFOPLIST_FILE = YES;
				INFOPLIST_FILE = "HNG Task 1/Info.plist";
				INFOPLIST_KEY_UIApplicationSupportsIndirectInputEvents = YES;
				INFOPLIST_KEY_UILaunchStoryboardName = LaunchScreen;
				INFOPLIST_KEY_UISupportedInterfaceOrientations = UIInterfaceOrientationPortrait;
				IPHONEOS_DEPLOYMENT_TARGET = 14.0;
				LD_RUNPATH_SEARCH_PATHS = (
					"$(inherited)",
					"@executable_path/Frameworks",
				);
				MARKETING_VERSION = 1.0;
				PRODUCT_BUNDLE_IDENTIFIER = "com.yusufakeem.HNG-Task-1";
				PRODUCT_NAME = "$(TARGET_NAME)";
				SWIFT_EMIT_LOC_STRINGS = YES;
				SWIFT_VERSION = 5.0;
				TARGETED_DEVICE_FAMILY = "1,2";
			};
			name = Debug;
		};
		BB897C7E2AAA69EF00002661 /* Release */ = {
			isa = XCBuildConfiguration;
			buildSettings = {
				ASSETCATALOG_COMPILER_APPICON_NAME = AppIcon;
				ASSETCATALOG_COMPILER_GLOBAL_ACCENT_COLOR_NAME = AccentColor;
				CODE_SIGN_STYLE = Automatic;
				CURRENT_PROJECT_VERSION = 1;
				GENERATE_INFOPLIST_FILE = YES;
				INFOPLIST_FILE = "HNG Task 1/Info.plist";
				INFOPLIST_KEY_UIApplicationSupportsIndirectInputEvents = YES;
				INFOPLIST_KEY_UILaunchStoryboardName = LaunchScreen;
				INFOPLIST_KEY_UISupportedInterfaceOrientations = UIInterfaceOrientationPortrait;
				IPHONEOS_DEPLOYMENT_TARGET = 14.0;
				LD_RUNPATH_SEARCH_PATHS = (
					"$(inherited)",
					"@executable_path/Frameworks",
				);
				MARKETING_VERSION = 1.0;
				PRODUCT_BUNDLE_IDENTIFIER = "com.yusufakeem.HNG-Task-1";
				PRODUCT_NAME = "$(TARGET_NAME)";
				SWIFT_EMIT_LOC_STRINGS = YES;
				SWIFT_VERSION = 5.0;
				TARGETED_DEVICE_FAMILY = "1,2";
			};
			name = Release;
		};
/* End XCBuildConfiguration section */

/* Begin XCConfigurationList section */
		BB897C632AAA69EC00002661 /* Build configuration list for PBXProject "HNG Task 1" */ = {
			isa = XCConfigurationList;
			buildConfigurations = (
				BB897C7A2AAA69EF00002661 /* Debug */,
				BB897C7B2AAA69EF00002661 /* Release */,
			);
			defaultConfigurationIsVisible = 0;
			defaultConfigurationName = Release;
		};
		BB897C7C2AAA69EF00002661 /* Build configuration list for PBXNativeTarget "HNG Task 1" */ = {
			isa = XCConfigurationList;
			buildConfigurations = (
				BB897C7D2AAA69EF00002661 /* Debug */,
				BB897C7E2AAA69EF00002661 /* Release */,
			);
			defaultConfigurationIsVisible = 0;
			defaultConfigurationName = Release;
		};
/* End XCConfigurationList section */
	};
	rootObject = BB897C602AAA69EC00002661 /* Project object */;
}
